
Microsoft Visual Studio Solution File, Format Version 12.00
# Visual Studio Version 16
VisualStudioVersion = 16.0.30711.63
MinimumVisualStudioVersion = 10.0.40219.1
Project("{FAE04EC0-301F-11D3-BF4B-00C04F79EFBC}") = "ExampleInterfaceSegregationPrinciple", "ExampleInterfaceSegregationPrinciple.csproj", "{BF673C8C-F0CF-41CB-B205-C720FFD9B13F}"
EndProject
Global
	GlobalSection(SolutionConfigurationPlatforms) = preSolution
		Debug|Any CPU = Debug|Any CPU
		Release|Any CPU = Release|Any CPU
	EndGlobalSection
	GlobalSection(ProjectConfigurationPlatforms) = postSolution
		{BF673C8C-F0CF-41CB-B205-C720FFD9B13F}.Debug|Any CPU.ActiveCfg = Debug|Any CPU
		{BF673C8C-F0CF-41CB-B205-C720FFD9B13F}.Debug|Any CPU.Build.0 = Debug|Any CPU
		{BF673C8C-F0CF-41CB-B205-C720FFD9B13F}.Release|Any CPU.ActiveCfg = Release|Any CPU
		{BF673C8C-F0CF-41CB-B205-C720FFD9B13F}.Release|Any CPU.Build.0 = Release|Any CPU
	EndGlobalSection
	GlobalSection(SolutionProperties) = preSolution
		HideSolutionNode = FALSE
	EndGlobalSection
	GlobalSection(ExtensibilityGlobals) = postSolution
		SolutionGuid = {AA584893-4D9A-4267-B9AF-0335F1557E7F}
	EndGlobalSection
EndGlobal
