
Microsoft Visual Studio Solution File, Format Version 12.00
# Visual Studio Version 16
VisualStudioVersion = 16.0.30711.63
MinimumVisualStudioVersion = 10.0.40219.1
Project("{FAE04EC0-301F-11D3-BF4B-00C04F79EFBC}") = "DependencyInversionPrinciple", "DependencyInversionPrinciple.csproj", "{8D5516EA-FF40-46E8-95D1-F2114097935E}"
EndProject
Global
	GlobalSection(SolutionConfigurationPlatforms) = preSolution
		Debug|Any CPU = Debug|Any CPU
		Release|Any CPU = Release|Any CPU
	EndGlobalSection
	GlobalSection(ProjectConfigurationPlatforms) = postSolution
		{8D5516EA-FF40-46E8-95D1-F2114097935E}.Debug|Any CPU.ActiveCfg = Debug|Any CPU
		{8D5516EA-FF40-46E8-95D1-F2114097935E}.Debug|Any CPU.Build.0 = Debug|Any CPU
		{8D5516EA-FF40-46E8-95D1-F2114097935E}.Release|Any CPU.ActiveCfg = Release|Any CPU
		{8D5516EA-FF40-46E8-95D1-F2114097935E}.Release|Any CPU.Build.0 = Release|Any CPU
	EndGlobalSection
	GlobalSection(SolutionProperties) = preSolution
		HideSolutionNode = FALSE
	EndGlobalSection
	GlobalSection(ExtensibilityGlobals) = postSolution
		SolutionGuid = {D4622DD3-72F5-4046-B293-E542F79A4C29}
	EndGlobalSection
EndGlobal
